
Microsoft Visual Studio Solution File, Format Version 12.00
# Visual Studio Version 17
VisualStudioVersion = 17.6.33829.357
MinimumVisualStudioVersion = 10.0.40219.1
Project("{FAE04EC0-301F-11D3-BF4B-00C04F79EFBC}") = "TaskTrackerPro3000", "TaskTrackerPro3000.csproj", "{F67CC958-29F1-4791-A27F-173B9CBC34F6}"
EndProject
Global
	GlobalSection(SolutionConfigurationPlatforms) = preSolution
		Debug|Any CPU = Debug|Any CPU
		Release|Any CPU = Release|Any CPU
	EndGlobalSection
	GlobalSection(ProjectConfigurationPlatforms) = postSolution
		{F67CC958-29F1-4791-A27F-173B9CBC34F6}.Debug|Any CPU.ActiveCfg = Debug|Any CPU
		{F67CC958-29F1-4791-A27F-173B9CBC34F6}.Debug|Any CPU.Build.0 = Debug|Any CPU
		{F67CC958-29F1-4791-A27F-173B9CBC34F6}.Release|Any CPU.ActiveCfg = Release|Any CPU
		{F67CC958-29F1-4791-A27F-173B9CBC34F6}.Release|Any CPU.Build.0 = Release|Any CPU
	EndGlobalSection
	GlobalSection(SolutionProperties) = preSolution
		HideSolutionNode = FALSE
	EndGlobalSection
	GlobalSection(ExtensibilityGlobals) = postSolution
		SolutionGuid = {A1E4A55A-C625-4A89-AE64-11CA8B4F5082}
	EndGlobalSection
EndGlobal
